
Microsoft Visual Studio Solution File, Format Version 12.00
# Visual Studio Version 16
VisualStudioVersion = 16.0.30907.101
MinimumVisualStudioVersion = 10.0.40219.1
Project("{FAE04EC0-301F-11D3-BF4B-00C04F79EFBC}") = "agenda", "agenda\agenda.csproj", "{69D7232E-58AC-44C7-A3E4-0A0253F2F609}"
EndProject
Global
	GlobalSection(SolutionConfigurationPlatforms) = preSolution
		Debug|Any CPU = Debug|Any CPU
		Release|Any CPU = Release|Any CPU
	EndGlobalSection
	GlobalSection(ProjectConfigurationPlatforms) = postSolution
		{69D7232E-58AC-44C7-A3E4-0A0253F2F609}.Debug|Any CPU.ActiveCfg = Debug|Any CPU
		{69D7232E-58AC-44C7-A3E4-0A0253F2F609}.Debug|Any CPU.Build.0 = Debug|Any CPU
		{69D7232E-58AC-44C7-A3E4-0A0253F2F609}.Release|Any CPU.ActiveCfg = Release|Any CPU
		{69D7232E-58AC-44C7-A3E4-0A0253F2F609}.Release|Any CPU.Build.0 = Release|Any CPU
	EndGlobalSection
	GlobalSection(SolutionProperties) = preSolution
		HideSolutionNode = FALSE
	EndGlobalSection
	GlobalSection(ExtensibilityGlobals) = postSolution
		SolutionGuid = {D99A4D82-3569-489C-8D6A-3652BBD64C7D}
	EndGlobalSection
EndGlobal
